
Microsoft Visual Studio Solution File, Format Version 12.00
Project("{FAE04EC0-301F-11D3-BF4B-00C04F79EFBC}") = "Iceshrimp.MfmSharp", "Iceshrimp.MfmSharp\Iceshrimp.MfmSharp.csproj", "{8C61E8F1-6462-4549-AE71-E189B6D48E1C}"
EndProject
Project("{FAE04EC0-301F-11D3-BF4B-00C04F79EFBC}") = "Iceshrimp.MfmSharp.Tests", "Iceshrimp.MfmSharp.Tests\Iceshrimp.MfmSharp.Tests.csproj", "{F2ABB49A-06BC-4F56-89B5-38DE486A4598}"
EndProject
Project("{2150E333-8FDC-42A3-9474-1A3956D46DE8}") = "root", "root", "{B6A3D3E6-BA4D-4F97-AC9A-024F270BDA07}"
	ProjectSection(SolutionItems) = preProject
		README.md = README.md
		LICENSE = LICENSE
		CHANGELOG.md = CHANGELOG.md
	EndProjectSection
EndProject
Project("{FAE04EC0-301F-11D3-BF4B-00C04F79EFBC}") = "Iceshrimp.MfmSharp.Examples", "Iceshrimp.MfmSharp.Examples\Iceshrimp.MfmSharp.Examples.csproj", "{56189B5E-164C-45C4-A7A6-A8D781E3749B}"
EndProject
Project("{FAE04EC0-301F-11D3-BF4B-00C04F79EFBC}") = "Iceshrimp.MfmSharp.Benchmarks", "Iceshrimp.MfmSharp.Benchmarks\Iceshrimp.MfmSharp.Benchmarks.csproj", "{4BA410E2-0F90-4432-A04C-71B8E7B606DA}"
EndProject
Project("{FAE04EC0-301F-11D3-BF4B-00C04F79EFBC}") = "Iceshrimp.MfmSharp.Profiling", "Iceshrimp.MfmSharp.Profiling\Iceshrimp.MfmSharp.Profiling.csproj", "{DCBA1B48-6584-45ED-8730-BB97F635367F}"
EndProject
Project("{FAE04EC0-301F-11D3-BF4B-00C04F79EFBC}") = "Iceshrimp.MfmSharp.RandomFuzz", "Iceshrimp.MfmSharp.RandomFuzz\Iceshrimp.MfmSharp.RandomFuzz.csproj", "{47219B8A-2B0E-4338-8ECB-2CDA0AD47E6E}"
EndProject
Project("{FAE04EC0-301F-11D3-BF4B-00C04F79EFBC}") = "Iceshrimp.MfmSharp.SharpFuzz", "Iceshrimp.MfmSharp.SharpFuzz\Iceshrimp.MfmSharp.SharpFuzz.csproj", "{5F0EF79B-B025-46F4-9FFD-4F6733DA1108}"
EndProject
Project("{FAE04EC0-301F-11D3-BF4B-00C04F79EFBC}") = "Iceshrimp.MfmSharp.FuzzerUtils", "Iceshrimp.MfmSharp.FuzzerUtils\Iceshrimp.MfmSharp.FuzzerUtils.csproj", "{AF84DAA8-C122-45BC-A6EC-FE40907A22A0}"
EndProject
Project("{2150E333-8FDC-42A3-9474-1A3956D46DE8}") = "fuzzing", "fuzzing", "{27AF13E5-0EFC-47A1-AF5C-A71A91D8FFE5}"
EndProject
Project("{2150E333-8FDC-42A3-9474-1A3956D46DE8}") = "perf", "perf", "{998B141B-60FA-498A-9A06-5EB207E610E2}"
EndProject
Global
	GlobalSection(SolutionConfigurationPlatforms) = preSolution
		Debug|Any CPU = Debug|Any CPU
		Release|Any CPU = Release|Any CPU
		Fuzz|Any CPU = Fuzz|Any CPU
	EndGlobalSection
	GlobalSection(ProjectConfigurationPlatforms) = postSolution
		{8C61E8F1-6462-4549-AE71-E189B6D48E1C}.Debug|Any CPU.ActiveCfg = Debug|Any CPU
		{8C61E8F1-6462-4549-AE71-E189B6D48E1C}.Debug|Any CPU.Build.0 = Debug|Any CPU
		{8C61E8F1-6462-4549-AE71-E189B6D48E1C}.Release|Any CPU.ActiveCfg = Release|Any CPU
		{8C61E8F1-6462-4549-AE71-E189B6D48E1C}.Release|Any CPU.Build.0 = Release|Any CPU
		{8C61E8F1-6462-4549-AE71-E189B6D48E1C}.Fuzz|Any CPU.ActiveCfg = Fuzz|Any CPU
		{8C61E8F1-6462-4549-AE71-E189B6D48E1C}.Fuzz|Any CPU.Build.0 = Fuzz|Any CPU
		{F2ABB49A-06BC-4F56-89B5-38DE486A4598}.Debug|Any CPU.ActiveCfg = Debug|Any CPU
		{F2ABB49A-06BC-4F56-89B5-38DE486A4598}.Debug|Any CPU.Build.0 = Debug|Any CPU
		{F2ABB49A-06BC-4F56-89B5-38DE486A4598}.Release|Any CPU.ActiveCfg = Release|Any CPU
		{F2ABB49A-06BC-4F56-89B5-38DE486A4598}.Release|Any CPU.Build.0 = Release|Any CPU
		{F2ABB49A-06BC-4F56-89B5-38DE486A4598}.Fuzz|Any CPU.ActiveCfg = Fuzz|Any CPU
		{F2ABB49A-06BC-4F56-89B5-38DE486A4598}.Fuzz|Any CPU.Build.0 = Fuzz|Any CPU
		{56189B5E-164C-45C4-A7A6-A8D781E3749B}.Debug|Any CPU.ActiveCfg = Debug|Any CPU
		{56189B5E-164C-45C4-A7A6-A8D781E3749B}.Debug|Any CPU.Build.0 = Debug|Any CPU
		{56189B5E-164C-45C4-A7A6-A8D781E3749B}.Release|Any CPU.ActiveCfg = Release|Any CPU
		{56189B5E-164C-45C4-A7A6-A8D781E3749B}.Release|Any CPU.Build.0 = Release|Any CPU
		{56189B5E-164C-45C4-A7A6-A8D781E3749B}.Fuzz|Any CPU.ActiveCfg = Fuzz|Any CPU
		{56189B5E-164C-45C4-A7A6-A8D781E3749B}.Fuzz|Any CPU.Build.0 = Fuzz|Any CPU
		{4BA410E2-0F90-4432-A04C-71B8E7B606DA}.Debug|Any CPU.ActiveCfg = Debug|Any CPU
		{4BA410E2-0F90-4432-A04C-71B8E7B606DA}.Debug|Any CPU.Build.0 = Debug|Any CPU
		{4BA410E2-0F90-4432-A04C-71B8E7B606DA}.Release|Any CPU.ActiveCfg = Release|Any CPU
		{4BA410E2-0F90-4432-A04C-71B8E7B606DA}.Release|Any CPU.Build.0 = Release|Any CPU
		{4BA410E2-0F90-4432-A04C-71B8E7B606DA}.Fuzz|Any CPU.ActiveCfg = Fuzz|Any CPU
		{4BA410E2-0F90-4432-A04C-71B8E7B606DA}.Fuzz|Any CPU.Build.0 = Fuzz|Any CPU
		{DCBA1B48-6584-45ED-8730-BB97F635367F}.Debug|Any CPU.ActiveCfg = Debug|Any CPU
		{DCBA1B48-6584-45ED-8730-BB97F635367F}.Debug|Any CPU.Build.0 = Debug|Any CPU
		{DCBA1B48-6584-45ED-8730-BB97F635367F}.Release|Any CPU.ActiveCfg = Release|Any CPU
		{DCBA1B48-6584-45ED-8730-BB97F635367F}.Release|Any CPU.Build.0 = Release|Any CPU
		{DCBA1B48-6584-45ED-8730-BB97F635367F}.Fuzz|Any CPU.ActiveCfg = Fuzz|Any CPU
		{DCBA1B48-6584-45ED-8730-BB97F635367F}.Fuzz|Any CPU.Build.0 = Fuzz|Any CPU
		{47219B8A-2B0E-4338-8ECB-2CDA0AD47E6E}.Debug|Any CPU.ActiveCfg = Debug|Any CPU
		{47219B8A-2B0E-4338-8ECB-2CDA0AD47E6E}.Debug|Any CPU.Build.0 = Debug|Any CPU
		{47219B8A-2B0E-4338-8ECB-2CDA0AD47E6E}.Release|Any CPU.ActiveCfg = Release|Any CPU
		{47219B8A-2B0E-4338-8ECB-2CDA0AD47E6E}.Release|Any CPU.Build.0 = Release|Any CPU
		{47219B8A-2B0E-4338-8ECB-2CDA0AD47E6E}.Fuzz|Any CPU.ActiveCfg = Fuzz|Any CPU
		{47219B8A-2B0E-4338-8ECB-2CDA0AD47E6E}.Fuzz|Any CPU.Build.0 = Fuzz|Any CPU
		{5F0EF79B-B025-46F4-9FFD-4F6733DA1108}.Debug|Any CPU.ActiveCfg = Debug|Any CPU
		{5F0EF79B-B025-46F4-9FFD-4F6733DA1108}.Debug|Any CPU.Build.0 = Debug|Any CPU
		{5F0EF79B-B025-46F4-9FFD-4F6733DA1108}.Release|Any CPU.ActiveCfg = Release|Any CPU
		{5F0EF79B-B025-46F4-9FFD-4F6733DA1108}.Release|Any CPU.Build.0 = Release|Any CPU
		{5F0EF79B-B025-46F4-9FFD-4F6733DA1108}.Fuzz|Any CPU.ActiveCfg = Fuzz|Any CPU
		{5F0EF79B-B025-46F4-9FFD-4F6733DA1108}.Fuzz|Any CPU.Build.0 = Fuzz|Any CPU
		{AF84DAA8-C122-45BC-A6EC-FE40907A22A0}.Debug|Any CPU.ActiveCfg = Debug|Any CPU
		{AF84DAA8-C122-45BC-A6EC-FE40907A22A0}.Debug|Any CPU.Build.0 = Debug|Any CPU
		{AF84DAA8-C122-45BC-A6EC-FE40907A22A0}.Release|Any CPU.ActiveCfg = Release|Any CPU
		{AF84DAA8-C122-45BC-A6EC-FE40907A22A0}.Release|Any CPU.Build.0 = Release|Any CPU
		{AF84DAA8-C122-45BC-A6EC-FE40907A22A0}.Fuzz|Any CPU.ActiveCfg = Fuzz|Any CPU
		{AF84DAA8-C122-45BC-A6EC-FE40907A22A0}.Fuzz|Any CPU.Build.0 = Fuzz|Any CPU
	EndGlobalSection
	GlobalSection(NestedProjects) = preSolution
		{AF84DAA8-C122-45BC-A6EC-FE40907A22A0} = {27AF13E5-0EFC-47A1-AF5C-A71A91D8FFE5}
		{47219B8A-2B0E-4338-8ECB-2CDA0AD47E6E} = {27AF13E5-0EFC-47A1-AF5C-A71A91D8FFE5}
		{5F0EF79B-B025-46F4-9FFD-4F6733DA1108} = {27AF13E5-0EFC-47A1-AF5C-A71A91D8FFE5}
		{4BA410E2-0F90-4432-A04C-71B8E7B606DA} = {998B141B-60FA-498A-9A06-5EB207E610E2}
		{56189B5E-164C-45C4-A7A6-A8D781E3749B} = {998B141B-60FA-498A-9A06-5EB207E610E2}
		{DCBA1B48-6584-45ED-8730-BB97F635367F} = {998B141B-60FA-498A-9A06-5EB207E610E2}
	EndGlobalSection
EndGlobal
